
Microsoft Visual Studio Solution File, Format Version 12.00
# Visual Studio Version 16
VisualStudioVersion = 16.0.29102.190
MinimumVisualStudioVersion = 10.0.40219.1
Project("{9A19103F-16F7-4668-BE54-9A1E7A4F7556}") = "Pivotal-Utilities", "Pivotal-Utilities\Pivotal-Utilities.csproj", "{0BA42959-A15A-4B58-828B-3D076611E4F9}"
EndProject
Global
	GlobalSection(SolutionConfigurationPlatforms) = preSolution
		Debug|Any CPU = Debug|Any CPU
		Release|Any CPU = Release|Any CPU
	EndGlobalSection
	GlobalSection(ProjectConfigurationPlatforms) = postSolution
		{0BA42959-A15A-4B58-828B-3D076611E4F9}.Debug|Any CPU.ActiveCfg = Debug|Any CPU
		{0BA42959-A15A-4B58-828B-3D076611E4F9}.Debug|Any CPU.Build.0 = Debug|Any CPU
		{0BA42959-A15A-4B58-828B-3D076611E4F9}.Release|Any CPU.ActiveCfg = Release|Any CPU
		{0BA42959-A15A-4B58-828B-3D076611E4F9}.Release|Any CPU.Build.0 = Release|Any CPU
	EndGlobalSection
	GlobalSection(SolutionProperties) = preSolution
		HideSolutionNode = FALSE
	EndGlobalSection
	GlobalSection(ExtensibilityGlobals) = postSolution
		SolutionGuid = {477BF32F-F725-464C-BAFF-C2D2FEDED635}
	EndGlobalSection
EndGlobal
